// !$*UTF8*$!
{
	archiveVersion = 1;
	classes = {
	};
	objectVersion = 55;
	objects = {

/* Begin PBXBuildFile section */
		6A870B282994CA8A00134C27 /* AppDelegate.swift in Sources */ = {isa = PBXBuildFile; fileRef = 6A870B272994CA8A00134C27 /* AppDelegate.swift */; };
		6A870B2A2994CA8A00134C27 /* SceneDelegate.swift in Sources */ = {isa = PBXBuildFile; fileRef = 6A870B292994CA8A00134C27 /* SceneDelegate.swift */; };
		6A870B2C2994CA8A00134C27 /* ViewController.swift in Sources */ = {isa = PBXBuildFile; fileRef = 6A870B2B2994CA8A00134C27 /* ViewController.swift */; };
		6A870B2F2994CA8B00134C27 /* Main.storyboard in Resources */ = {isa = PBXBuildFile; fileRef = 6A870B2D2994CA8B00134C27 /* Main.storyboard */; };
		6A870B322994CA8B00134C27 /* JsonProj_1.xcdatamodeld in Sources */ = {isa = PBXBuildFile; fileRef = 6A870B302994CA8B00134C27 /* JsonProj_1.xcdatamodeld */; };
		6A870B342994CA9600134C27 /* Assets.xcassets in Resources */ = {isa = PBXBuildFile; fileRef = 6A870B332994CA9600134C27 /* Assets.xcassets */; };
		6A870B372994CA9600134C27 /* LaunchScreen.storyboard in Resources */ = {isa = PBXBuildFile; fileRef = 6A870B352994CA9600134C27 /* LaunchScreen.storyboard */; };
		6A870B422994CA9600134C27 /* JsonProj_1Tests.swift in Sources */ = {isa = PBXBuildFile; fileRef = 6A870B412994CA9600134C27 /* JsonProj_1Tests.swift */; };
		6A870B4C2994CA9600134C27 /* JsonProj_1UITests.swift in Sources */ = {isa = PBXBuildFile; fileRef = 6A870B4B2994CA9600134C27 /* JsonProj_1UITests.swift */; };
		6A870B4E2994CA9600134C27 /* JsonProj_1UITestsLaunchTests.swift in Sources */ = {isa = PBXBuildFile; fileRef = 6A870B4D2994CA9600134C27 /* JsonProj_1UITestsLaunchTests.swift */; };
		6A870B5B2994CAA900134C27 /* AllDatas.swift in Sources */ = {isa = PBXBuildFile; fileRef = 6A870B5A2994CAA900134C27 /* AllDatas.swift */; };
		6A870B5D2994CAE100134C27 /* SecondViewController.swift in Sources */ = {isa = PBXBuildFile; fileRef = 6A870B5C2994CAE100134C27 /* SecondViewController.swift */; };
		6A870B5F2994D0CC00134C27 /* TVCell.swift in Sources */ = {isa = PBXBuildFile; fileRef = 6A870B5E2994D0CC00134C27 /* TVCell.swift */; };
/* End PBXBuildFile section */

/* Begin PBXContainerItemProxy section */
		6A870B3E2994CA9600134C27 /* PBXContainerItemProxy */ = {
			isa = PBXContainerItemProxy;
			containerPortal = 6A870B1C2994CA8A00134C27 /* Project object */;
			proxyType = 1;
			remoteGlobalIDString = 6A870B232994CA8A00134C27;
			remoteInfo = "JsonProj-1";
		};
		6A870B482994CA9600134C27 /* PBXContainerItemProxy */ = {
			isa = PBXContainerItemProxy;
			containerPortal = 6A870B1C2994CA8A00134C27 /* Project object */;
			proxyType = 1;
			remoteGlobalIDString = 6A870B232994CA8A00134C27;
			remoteInfo = "JsonProj-1";
		};
/* End PBXContainerItemProxy section */

/* Begin PBXFileReference section */
		6A870B242994CA8A00134C27 /* JsonProj-1.app */ = {isa = PBXFileReference; explicitFileType = wrapper.application; includeInIndex = 0; path = "JsonProj-1.app"; sourceTree = BUILT_PRODUCTS_DIR; };
		6A870B272994CA8A00134C27 /* AppDelegate.swift */ = {isa = PBXFileReference; lastKnownFileType = sourcecode.swift; path = AppDelegate.swift; sourceTree = "<group>"; };
		6A870B292994CA8A00134C27 /* SceneDelegate.swift */ = {isa = PBXFileReference; lastKnownFileType = sourcecode.swift; path = SceneDelegate.swift; sourceTree = "<group>"; };
		6A870B2B2994CA8A00134C27 /* ViewController.swift */ = {isa = PBXFileReference; lastKnownFileType = sourcecode.swift; path = ViewController.swift; sourceTree = "<group>"; };
		6A870B2E2994CA8B00134C27 /* Base */ = {isa = PBXFileReference; lastKnownFileType = file.storyboard; name = Base; path = Base.lproj/Main.storyboard; sourceTree = "<group>"; };
		6A870B312994CA8B00134C27 /* JsonProj_1.xcdatamodel */ = {isa = PBXFileReference; lastKnownFileType = wrapper.xcdatamodel; path = JsonProj_1.xcdatamodel; sourceTree = "<group>"; };
		6A870B332994CA9600134C27 /* Assets.xcassets */ = {isa = PBXFileReference; lastKnownFileType = folder.assetcatalog; path = Assets.xcassets; sourceTree = "<group>"; };
		6A870B362994CA9600134C27 /* Base */ = {isa = PBXFileReference; lastKnownFileType = file.storyboard; name = Base; path = Base.lproj/LaunchScreen.storyboard; sourceTree = "<group>"; };
		6A870B382994CA9600134C27 /* Info.plist */ = {isa = PBXFileReference; lastKnownFileType = text.plist.xml; path = Info.plist; sourceTree = "<group>"; };
		6A870B3D2994CA9600134C27 /* JsonProj-1Tests.xctest */ = {isa = PBXFileReference; explicitFileType = wrapper.cfbundle; includeInIndex = 0; path = "JsonProj-1Tests.xctest"; sourceTree = BUILT_PRODUCTS_DIR; };
		6A870B412994CA9600134C27 /* JsonProj_1Tests.swift */ = {isa = PBXFileReference; lastKnownFileType = sourcecode.swift; path = JsonProj_1Tests.swift; sourceTree = "<group>"; };
		6A870B472994CA9600134C27 /* JsonProj-1UITests.xctest */ = {isa = PBXFileReference; explicitFileType = wrapper.cfbundle; includeInIndex = 0; path = "JsonProj-1UITests.xctest"; sourceTree = BUILT_PRODUCTS_DIR; };
		6A870B4B2994CA9600134C27 /* JsonProj_1UITests.swift */ = {isa = PBXFileReference; lastKnownFileType = sourcecode.swift; path = JsonProj_1UITests.swift; sourceTree = "<group>"; };
		6A870B4D2994CA9600134C27 /* JsonProj_1UITestsLaunchTests.swift */ = {isa = PBXFileReference; lastKnownFileType = sourcecode.swift; path = JsonProj_1UITestsLaunchTests.swift; sourceTree = "<group>"; };
		6A870B5A2994CAA900134C27 /* AllDatas.swift */ = {isa = PBXFileReference; lastKnownFileType = sourcecode.swift; path = AllDatas.swift; sourceTree = "<group>"; };
		6A870B5C2994CAE100134C27 /* SecondViewController.swift */ = {isa = PBXFileReference; lastKnownFileType = sourcecode.swift; path = SecondViewController.swift; sourceTree = "<group>"; };
		6A870B5E2994D0CC00134C27 /* TVCell.swift */ = {isa = PBXFileReference; lastKnownFileType = sourcecode.swift; path = TVCell.swift; sourceTree = "<group>"; };
/* End PBXFileReference section */

/* Begin PBXFrameworksBuildPhase section */
		6A870B212994CA8A00134C27 /* Frameworks */ = {
			isa = PBXFrameworksBuildPhase;
			buildActionMask = 2147483647;
			files = (
			);
			runOnlyForDeploymentPostprocessing = 0;
		};
		6A870B3A2994CA9600134C27 /* Frameworks */ = {
			isa = PBXFrameworksBuildPhase;
			buildActionMask = 2147483647;
			files = (
			);
			runOnlyForDeploymentPostprocessing = 0;
		};
		6A870B442994CA9600134C27 /* Frameworks */ = {
			isa = PBXFrameworksBuildPhase;
			buildActionMask = 2147483647;
			files = (
			);
			runOnlyForDeploymentPostprocessing = 0;
		};
/* End PBXFrameworksBuildPhase section */

/* Begin PBXGroup section */
		6A870B1B2994CA8A00134C27 = {
			isa = PBXGroup;
			children = (
				6A870B262994CA8A00134C27 /* JsonProj-1 */,
				6A870B402994CA9600134C27 /* JsonProj-1Tests */,
				6A870B4A2994CA9600134C27 /* JsonProj-1UITests */,
				6A870B252994CA8A00134C27 /* Products */,
			);
			sourceTree = "<group>";
		};
		6A870B252994CA8A00134C27 /* Products */ = {
			isa = PBXGroup;
			children = (
				6A870B242994CA8A00134C27 /* JsonProj-1.app */,
				6A870B3D2994CA9600134C27 /* JsonProj-1Tests.xctest */,
				6A870B472994CA9600134C27 /* JsonProj-1UITests.xctest */,
			);
			name = Products;
			sourceTree = "<group>";
		};
		6A870B262994CA8A00134C27 /* JsonProj-1 */ = {
			isa = PBXGroup;
			children = (
				6A870B272994CA8A00134C27 /* AppDelegate.swift */,
				6A870B5E2994D0CC00134C27 /* TVCell.swift */,
				6A870B5C2994CAE100134C27 /* SecondViewController.swift */,
				6A870B5A2994CAA900134C27 /* AllDatas.swift */,
				6A870B292994CA8A00134C27 /* SceneDelegate.swift */,
				6A870B2B2994CA8A00134C27 /* ViewController.swift */,
				6A870B2D2994CA8B00134C27 /* Main.storyboard */,
				6A870B332994CA9600134C27 /* Assets.xcassets */,
				6A870B352994CA9600134C27 /* LaunchScreen.storyboard */,
				6A870B382994CA9600134C27 /* Info.plist */,
				6A870B302994CA8B00134C27 /* JsonProj_1.xcdatamodeld */,
			);
			path = "JsonProj-1";
			sourceTree = "<group>";
		};
		6A870B402994CA9600134C27 /* JsonProj-1Tests */ = {
			isa = PBXGroup;
			children = (
				6A870B412994CA9600134C27 /* JsonProj_1Tests.swift */,
			);
			path = "JsonProj-1Tests";
			sourceTree = "<group>";
		};
		6A870B4A2994CA9600134C27 /* JsonProj-1UITests */ = {
			isa = PBXGroup;
			children = (
				6A870B4B2994CA9600134C27 /* JsonProj_1UITests.swift */,
				6A870B4D2994CA9600134C27 /* JsonProj_1UITestsLaunchTests.swift */,
			);
			path = "JsonProj-1UITests";
			sourceTree = "<group>";
		};
/* End PBXGroup section */

/* Begin PBXNativeTarget section */
		6A870B232994CA8A00134C27 /* JsonProj-1 */ = {
			isa = PBXNativeTarget;
			buildConfigurationList = 6A870B512994CA9600134C27 /* Build configuration list for PBXNativeTarget "JsonProj-1" */;
			buildPhases = (
				6A870B202994CA8A00134C27 /* Sources */,
				6A870B212994CA8A00134C27 /* Frameworks */,
				6A870B222994CA8A00134C27 /* Resources */,
			);
			buildRules = (
			);
			dependencies = (
			);
			name = "JsonProj-1";
			productName = "JsonProj-1";
			productReference = 6A870B242994CA8A00134C27 /* JsonProj-1.app */;
			productType = "com.apple.product-type.application";
		};
		6A870B3C2994CA9600134C27 /* JsonProj-1Tests */ = {
			isa = PBXNativeTarget;
			buildConfigurationList = 6A870B542994CA9600134C27 /* Build configuration list for PBXNativeTarget "JsonProj-1Tests" */;
			buildPhases = (
				6A870B392994CA9600134C27 /* Sources */,
				6A870B3A2994CA9600134C27 /* Frameworks */,
				6A870B3B2994CA9600134C27 /* Resources */,
			);
			buildRules = (
			);
			dependencies = (
				6A870B3F2994CA9600134C27 /* PBXTargetDependency */,
			);
			name = "JsonProj-1Tests";
			productName = "JsonProj-1Tests";
			productReference = 6A870B3D2994CA9600134C27 /* JsonProj-1Tests.xctest */;
			productType = "com.apple.product-type.bundle.unit-test";
		};
		6A870B462994CA9600134C27 /* JsonProj-1UITests */ = {
			isa = PBXNativeTarget;
			buildConfigurationList = 6A870B572994CA9600134C27 /* Build configuration list for PBXNativeTarget "JsonProj-1UITests" */;
			buildPhases = (
				6A870B432994CA9600134C27 /* Sources */,
				6A870B442994CA9600134C27 /* Frameworks */,
				6A870B452994CA9600134C27 /* Resources */,
			);
			buildRules = (
			);
			dependencies = (
				6A870B492994CA9600134C27 /* PBXTargetDependency */,
			);
			name = "JsonProj-1UITests";
			productName = "JsonProj-1UITests";
			productReference = 6A870B472994CA9600134C27 /* JsonProj-1UITests.xctest */;
			productType = "com.apple.product-type.bundle.ui-testing";
		};
/* End PBXNativeTarget section */

/* Begin PBXProject section */
		6A870B1C2994CA8A00134C27 /* Project object */ = {
			isa = PBXProject;
			attributes = {
				BuildIndependentTargetsInParallel = 1;
				LastSwiftUpdateCheck = 1300;
				LastUpgradeCheck = 1300;
				TargetAttributes = {
					6A870B232994CA8A00134C27 = {
						CreatedOnToolsVersion = 13.0;
					};
					6A870B3C2994CA9600134C27 = {
						CreatedOnToolsVersion = 13.0;
						TestTargetID = 6A870B232994CA8A00134C27;
					};
					6A870B462994CA9600134C27 = {
						CreatedOnToolsVersion = 13.0;
						TestTargetID = 6A870B232994CA8A00134C27;
					};
				};
			};
			buildConfigurationList = 6A870B1F2994CA8A00134C27 /* Build configuration list for PBXProject "JsonProj-1" */;
			compatibilityVersion = "Xcode 13.0";
			developmentRegion = en;
			hasScannedForEncodings = 0;
			knownRegions = (
				en,
				Base,
			);
			mainGroup = 6A870B1B2994CA8A00134C27;
			productRefGroup = 6A870B252994CA8A00134C27 /* Products */;
			projectDirPath = "";
			projectRoot = "";
			targets = (
				6A870B232994CA8A00134C27 /* JsonProj-1 */,
				6A870B3C2994CA9600134C27 /* JsonProj-1Tests */,
				6A870B462994CA9600134C27 /* JsonProj-1UITests */,
			);
		};
/* End PBXProject section */

/* Begin PBXResourcesBuildPhase section */
		6A870B222994CA8A00134C27 /* Resources */ = {
			isa = PBXResourcesBuildPhase;
			buildActionMask = 2147483647;
			files = (
				6A870B372994CA9600134C27 /* LaunchScreen.storyboard in Resources */,
				6A870B342994CA9600134C27 /* Assets.xcassets in Resources */,
				6A870B2F2994CA8B00134C27 /* Main.storyboard in Resources */,
			);
			runOnlyForDeploymentPostprocessing = 0;
		};
		6A870B3B2994CA9600134C27 /* Resources */ = {
			isa = PBXResourcesBuildPhase;
			buildActionMask = 2147483647;
			files = (
			);
			runOnlyForDeploymentPostprocessing = 0;
		};
		6A870B452994CA9600134C27 /* Resources */ = {
			isa = PBXResourcesBuildPhase;
			buildActionMask = 2147483647;
			files = (
			);
			runOnlyForDeploymentPostprocessing = 0;
		};
/* End PBXResourcesBuildPhase section */

/* Begin PBXSourcesBuildPhase section */
		6A870B202994CA8A00134C27 /* Sources */ = {
			isa = PBXSourcesBuildPhase;
			buildActionMask = 2147483647;
			files = (
				6A870B5F2994D0CC00134C27 /* TVCell.swift in Sources */,
				6A870B5D2994CAE100134C27 /* SecondViewController.swift in Sources */,
				6A870B322994CA8B00134C27 /* JsonProj_1.xcdatamodeld in Sources */,
				6A870B2C2994CA8A00134C27 /* ViewController.swift in Sources */,
				6A870B282994CA8A00134C27 /* AppDelegate.swift in Sources */,
				6A870B5B2994CAA900134C27 /* AllDatas.swift in Sources */,
				6A870B2A2994CA8A00134C27 /* SceneDelegate.swift in Sources */,
			);
			runOnlyForDeploymentPostprocessing = 0;
		};
		6A870B392994CA9600134C27 /* Sources */ = {
			isa = PBXSourcesBuildPhase;
			buildActionMask = 2147483647;
			files = (
				6A870B422994CA9600134C27 /* JsonProj_1Tests.swift in Sources */,
			);
			runOnlyForDeploymentPostprocessing = 0;
		};
		6A870B432994CA9600134C27 /* Sources */ = {
			isa = PBXSourcesBuildPhase;
			buildActionMask = 2147483647;
			files = (
				6A870B4C2994CA9600134C27 /* JsonProj_1UITests.swift in Sources */,
				6A870B4E2994CA9600134C27 /* JsonProj_1UITestsLaunchTests.swift in Sources */,
			);
			runOnlyForDeploymentPostprocessing = 0;
		};
/* End PBXSourcesBuildPhase section */

/* Begin PBXTargetDependency section */
		6A870B3F2994CA9600134C27 /* PBXTargetDependency */ = {
			isa = PBXTargetDependency;
			target = 6A870B232994CA8A00134C27 /* JsonProj-1 */;
			targetProxy = 6A870B3E2994CA9600134C27 /* PBXContainerItemProxy */;
		};
		6A870B492994CA9600134C27 /* PBXTargetDependency */ = {
			isa = PBXTargetDependency;
			target = 6A870B232994CA8A00134C27 /* JsonProj-1 */;
			targetProxy = 6A870B482994CA9600134C27 /* PBXContainerItemProxy */;
		};
/* End PBXTargetDependency section */

/* Begin PBXVariantGroup section */
		6A870B2D2994CA8B00134C27 /* Main.storyboard */ = {
			isa = PBXVariantGroup;
			children = (
				6A870B2E2994CA8B00134C27 /* Base */,
			);
			name = Main.storyboard;
			sourceTree = "<group>";
		};
		6A870B352994CA9600134C27 /* LaunchScreen.storyboard */ = {
			isa = PBXVariantGroup;
			children = (
				6A870B362994CA9600134C27 /* Base */,
			);
			name = LaunchScreen.storyboard;
			sourceTree = "<group>";
		};
/* End PBXVariantGroup section */

/* Begin XCBuildConfiguration section */
		6A870B4F2994CA9600134C27 /* Debug */ = {
			isa = XCBuildConfiguration;
			buildSettings = {
				ALWAYS_SEARCH_USER_PATHS = NO;
				CLANG_ANALYZER_NONNULL = YES;
				CLANG_ANALYZER_NUMBER_OBJECT_CONVERSION = YES_AGGRESSIVE;
				CLANG_CXX_LANGUAGE_STANDARD = "gnu++17";
				CLANG_CXX_LIBRARY = "libc++";
				CLANG_ENABLE_MODULES = YES;
				CLANG_ENABLE_OBJC_ARC = YES;
				CLANG_ENABLE_OBJC_WEAK = YES;
				CLANG_WARN_BLOCK_CAPTURE_AUTORELEASING = YES;
				CLANG_WARN_BOOL_CONVERSION = YES;
				CLANG_WARN_COMMA = YES;
				CLANG_WARN_CONSTANT_CONVERSION = YES;
				CLANG_WARN_DEPRECATED_OBJC_IMPLEMENTATIONS = YES;
				CLANG_WARN_DIRECT_OBJC_ISA_USAGE = YES_ERROR;
				CLANG_WARN_DOCUMENTATION_COMMENTS = YES;
				CLANG_WARN_EMPTY_BODY = YES;
				CLANG_WARN_ENUM_CONVERSION = YES;
				CLANG_WARN_INFINITE_RECURSION = YES;
				CLANG_WARN_INT_CONVERSION = YES;
				CLANG_WARN_NON_LITERAL_NULL_CONVERSION = YES;
				CLANG_WARN_OBJC_IMPLICIT_RETAIN_SELF = YES;
				CLANG_WARN_OBJC_LITERAL_CONVERSION = YES;
				CLANG_WARN_OBJC_ROOT_CLASS = YES_ERROR;
				CLANG_WARN_QUOTED_INCLUDE_IN_FRAMEWORK_HEADER = YES;
				CLANG_WARN_RANGE_LOOP_ANALYSIS = YES;
				CLANG_WARN_STRICT_PROTOTYPES = YES;
				CLANG_WARN_SUSPICIOUS_MOVE = YES;
				CLANG_WARN_UNGUARDED_AVAILABILITY = YES_AGGRESSIVE;
				CLANG_WARN_UNREACHABLE_CODE = YES;
				CLANG_WARN__DUPLICATE_METHOD_MATCH = YES;
				COPY_PHASE_STRIP = NO;
				DEBUG_INFORMATION_FORMAT = dwarf;
				ENABLE_STRICT_OBJC_MSGSEND = YES;
				ENABLE_TESTABILITY = YES;
				GCC_C_LANGUAGE_STANDARD = gnu11;
				GCC_DYNAMIC_NO_PIC = NO;
				GCC_NO_COMMON_BLOCKS = YES;
				GCC_OPTIMIZATION_LEVEL = 0;
				GCC_PREPROCESSOR_DEFINITIONS = (
					"DEBUG=1",
					"$(inherited)",
				);
				GCC_WARN_64_TO_32_BIT_CONVERSION = YES;
				GCC_WARN_ABOUT_RETURN_TYPE = YES_ERROR;
				GCC_WARN_UNDECLARED_SELECTOR = YES;
				GCC_WARN_UNINITIALIZED_AUTOS = YES_AGGRESSIVE;
				GCC_WARN_UNUSED_FUNCTION = YES;
				GCC_WARN_UNUSED_VARIABLE = YES;
				IPHONEOS_DEPLOYMENT_TARGET = 15.0;
				MTL_ENABLE_DEBUG_INFO = INCLUDE_SOURCE;
				MTL_FAST_MATH = YES;
				ONLY_ACTIVE_ARCH = YES;
				SDKROOT = iphoneos;
				SWIFT_ACTIVE_COMPILATION_CONDITIONS = DEBUG;
				SWIFT_OPTIMIZATION_LEVEL = "-Onone";
			};
			name = Debug;
		};
		6A870B502994CA9600134C27 /* Release */ = {
			isa = XCBuildConfiguration;
			buildSettings = {
				ALWAYS_SEARCH_USER_PATHS = NO;
				CLANG_ANALYZER_NONNULL = YES;
				CLANG_ANALYZER_NUMBER_OBJECT_CONVERSION = YES_AGGRESSIVE;
				CLANG_CXX_LANGUAGE_STANDARD = "gnu++17";
				CLANG_CXX_LIBRARY = "libc++";
				CLANG_ENABLE_MODULES = YES;
				CLANG_ENABLE_OBJC_ARC = YES;
				CLANG_ENABLE_OBJC_WEAK = YES;
				CLANG_WARN_BLOCK_CAPTURE_AUTORELEASING = YES;
				CLANG_WARN_BOOL_CONVERSION = YES;
				CLANG_WARN_COMMA = YES;
				CLANG_WARN_CONSTANT_CONVERSION = YES;
				CLANG_WARN_DEPRECATED_OBJC_IMPLEMENTATIONS = YES;
				CLANG_WARN_DIRECT_OBJC_ISA_USAGE = YES_ERROR;
				CLANG_WARN_DOCUMENTATION_COMMENTS = YES;
				CLANG_WARN_EMPTY_BODY = YES;
				CLANG_WARN_ENUM_CONVERSION = YES;
				CLANG_WARN_INFINITE_RECURSION = YES;
				CLANG_WARN_INT_CONVERSION = YES;
				CLANG_WARN_NON_LITERAL_NULL_CONVERSION = YES;
				CLANG_WARN_OBJC_IMPLICIT_RETAIN_SELF = YES;
				CLANG_WARN_OBJC_LITERAL_CONVERSION = YES;
				CLANG_WARN_OBJC_ROOT_CLASS = YES_ERROR;
				CLANG_WARN_QUOTED_INCLUDE_IN_FRAMEWORK_HEADER = YES;
				CLANG_WARN_RANGE_LOOP_ANALYSIS = YES;
				CLANG_WARN_STRICT_PROTOTYPES = YES;
				CLANG_WARN_SUSPICIOUS_MOVE = YES;
				CLANG_WARN_UNGUARDED_AVAILABILITY = YES_AGGRESSIVE;
				CLANG_WARN_UNREACHABLE_CODE = YES;
				CLANG_WARN__DUPLICATE_METHOD_MATCH = YES;
				COPY_PHASE_STRIP = NO;
				DEBUG_INFORMATION_FORMAT = "dwarf-with-dsym";
				ENABLE_NS_ASSERTIONS = NO;
				ENABLE_STRICT_OBJC_MSGSEND = YES;
				GCC_C_LANGUAGE_STANDARD = gnu11;
				GCC_NO_COMMON_BLOCKS = YES;
				GCC_WARN_64_TO_32_BIT_CONVERSION = YES;
				GCC_WARN_ABOUT_RETURN_TYPE = YES_ERROR;
				GCC_WARN_UNDECLARED_SELECTOR = YES;
				GCC_WARN_UNINITIALIZED_AUTOS = YES_AGGRESSIVE;
				GCC_WARN_UNUSED_FUNCTION = YES;
				GCC_WARN_UNUSED_VARIABLE = YES;
				IPHONEOS_DEPLOYMENT_TARGET = 15.0;
				MTL_ENABLE_DEBUG_INFO = NO;
				MTL_FAST_MATH = YES;
				SDKROOT = iphoneos;
				SWIFT_COMPILATION_MODE = wholemodule;
				SWIFT_OPTIMIZATION_LEVEL = "-O";
				VALIDATE_PRODUCT = YES;
			};
			name = Release;
		};
		6A870B522994CA9600134C27 /* Debug */ = {
			isa = XCBuildConfiguration;
			buildSettings = {
				ASSETCATALOG_COMPILER_APPICON_NAME = AppIcon;
				ASSETCATALOG_COMPILER_GLOBAL_ACCENT_COLOR_NAME = AccentColor;
				CODE_SIGN_STYLE = Automatic;
				CURRENT_PROJECT_VERSION = 1;
				GENERATE_INFOPLIST_FILE = YES;
				INFOPLIST_FILE = "JsonProj-1/Info.plist";
				INFOPLIST_KEY_UIApplicationSupportsIndirectInputEvents = YES;
				INFOPLIST_KEY_UILaunchStoryboardName = LaunchScreen;
				INFOPLIST_KEY_UIMainStoryboardFile = Main;
				INFOPLIST_KEY_UISupportedInterfaceOrientations_iPad = "UIInterfaceOrientationPortrait UIInterfaceOrientationPortraitUpsideDown UIInterfaceOrientationLandscapeLeft UIInterfaceOrientationLandscapeRight";
				INFOPLIST_KEY_UISupportedInterfaceOrientations_iPhone = "UIInterfaceOrientationPortrait UIInterfaceOrientationLandscapeLeft UIInterfaceOrientationLandscapeRight";
				LD_RUNPATH_SEARCH_PATHS = (
					"$(inherited)",
					"@executable_path/Frameworks",
				);
				MARKETING_VERSION = 1.0;
				PRODUCT_BUNDLE_IDENTIFIER = "test.JsonProj-1";
				PRODUCT_NAME = "$(TARGET_NAME)";
				SWIFT_EMIT_LOC_STRINGS = YES;
				SWIFT_VERSION = 5.0;
				TARGETED_DEVICE_FAMILY = "1,2";
			};
			name = Debug;
		};
		6A870B532994CA9600134C27 /* Release */ = {
			isa = XCBuildConfiguration;
			buildSettings = {
				ASSETCATALOG_COMPILER_APPICON_NAME = AppIcon;
				ASSETCATALOG_COMPILER_GLOBAL_ACCENT_COLOR_NAME = AccentColor;
				CODE_SIGN_STYLE = Automatic;
				CURRENT_PROJECT_VERSION = 1;
				GENERATE_INFOPLIST_FILE = YES;
				INFOPLIST_FILE = "JsonProj-1/Info.plist";
				INFOPLIST_KEY_UIApplicationSupportsIndirectInputEvents = YES;
				INFOPLIST_KEY_UILaunchStoryboardName = LaunchScreen;
				INFOPLIST_KEY_UIMainStoryboardFile = Main;
				INFOPLIST_KEY_UISupportedInterfaceOrientations_iPad = "UIInterfaceOrientationPortrait UIInterfaceOrientationPortraitUpsideDown UIInterfaceOrientationLandscapeLeft UIInterfaceOrientationLandscapeRight";
				INFOPLIST_KEY_UISupportedInterfaceOrientations_iPhone = "UIInterfaceOrientationPortrait UIInterfaceOrientationLandscapeLeft UIInterfaceOrientationLandscapeRight";
				LD_RUNPATH_SEARCH_PATHS = (
					"$(inherited)",
					"@executable_path/Frameworks",
				);
				MARKETING_VERSION = 1.0;
				PRODUCT_BUNDLE_IDENTIFIER = "test.JsonProj-1";
				PRODUCT_NAME = "$(TARGET_NAME)";
				SWIFT_EMIT_LOC_STRINGS = YES;
				SWIFT_VERSION = 5.0;
				TARGETED_DEVICE_FAMILY = "1,2";
			};
			name = Release;
		};
		6A870B552994CA9600134C27 /* Debug */ = {
			isa = XCBuildConfiguration;
			buildSettings = {
				ALWAYS_EMBED_SWIFT_STANDARD_LIBRARIES = YES;
				BUNDLE_LOADER = "$(TEST_HOST)";
				CODE_SIGN_STYLE = Automatic;
				CURRENT_PROJECT_VERSION = 1;
				GENERATE_INFOPLIST_FILE = YES;
				IPHONEOS_DEPLOYMENT_TARGET = 15.0;
				LD_RUNPATH_SEARCH_PATHS = (
					"$(inherited)",
					"@executable_path/Frameworks",
					"@loader_path/Frameworks",
				);
				MARKETING_VERSION = 1.0;
				PRODUCT_BUNDLE_IDENTIFIER = "test.JsonProj-1Tests";
				PRODUCT_NAME = "$(TARGET_NAME)";
				SWIFT_EMIT_LOC_STRINGS = NO;
				SWIFT_VERSION = 5.0;
				TARGETED_DEVICE_FAMILY = "1,2";
				TEST_HOST = "$(BUILT_PRODUCTS_DIR)/JsonProj-1.app/JsonProj-1";
			};
			name = Debug;
		};
		6A870B562994CA9600134C27 /* Release */ = {
			isa = XCBuildConfiguration;
			buildSettings = {
				ALWAYS_EMBED_SWIFT_STANDARD_LIBRARIES = YES;
				BUNDLE_LOADER = "$(TEST_HOST)";
				CODE_SIGN_STYLE = Automatic;
				CURRENT_PROJECT_VERSION = 1;
				GENERATE_INFOPLIST_FILE = YES;
				IPHONEOS_DEPLOYMENT_TARGET = 15.0;
				LD_RUNPATH_SEARCH_PATHS = (
					"$(inherited)",
					"@executable_path/Frameworks",
					"@loader_path/Frameworks",
				);
				MARKETING_VERSION = 1.0;
				PRODUCT_BUNDLE_IDENTIFIER = "test.JsonProj-1Tests";
				PRODUCT_NAME = "$(TARGET_NAME)";
				SWIFT_EMIT_LOC_STRINGS = NO;
				SWIFT_VERSION = 5.0;
				TARGETED_DEVICE_FAMILY = "1,2";
				TEST_HOST = "$(BUILT_PRODUCTS_DIR)/JsonProj-1.app/JsonProj-1";
			};
			name = Release;
		};
		6A870B582994CA9600134C27 /* Debug */ = {
			isa = XCBuildConfiguration;
			buildSettings = {
				ALWAYS_EMBED_SWIFT_STANDARD_LIBRARIES = YES;
				CODE_SIGN_STYLE = Automatic;
				CURRENT_PROJECT_VERSION = 1;
				GENERATE_INFOPLIST_FILE = YES;
				LD_RUNPATH_SEARCH_PATHS = (
					"$(inherited)",
					"@executable_path/Frameworks",
					"@loader_path/Frameworks",
				);
				MARKETING_VERSION = 1.0;
				PRODUCT_BUNDLE_IDENTIFIER = "test.JsonProj-1UITests";
				PRODUCT_NAME = "$(TARGET_NAME)";
				SWIFT_EMIT_LOC_STRINGS = NO;
				SWIFT_VERSION = 5.0;
				TARGETED_DEVICE_FAMILY = "1,2";
				TEST_TARGET_NAME = "JsonProj-1";
			};
			name = Debug;
		};
		6A870B592994CA9600134C27 /* Release */ = {
			isa = XCBuildConfiguration;
			buildSettings = {
				ALWAYS_EMBED_SWIFT_STANDARD_LIBRARIES = YES;
				CODE_SIGN_STYLE = Automatic;
				CURRENT_PROJECT_VERSION = 1;
				GENERATE_INFOPLIST_FILE = YES;
				LD_RUNPATH_SEARCH_PATHS = (
					"$(inherited)",
					"@executable_path/Frameworks",
					"@loader_path/Frameworks",
				);
				MARKETING_VERSION = 1.0;
				PRODUCT_BUNDLE_IDENTIFIER = "test.JsonProj-1UITests";
				PRODUCT_NAME = "$(TARGET_NAME)";
				SWIFT_EMIT_LOC_STRINGS = NO;
				SWIFT_VERSION = 5.0;
				TARGETED_DEVICE_FAMILY = "1,2";
				TEST_TARGET_NAME = "JsonProj-1";
			};
			name = Release;
		};
/* End XCBuildConfiguration section */

/* Begin XCConfigurationList section */
		6A870B1F2994CA8A00134C27 /* Build configuration list for PBXProject "JsonProj-1" */ = {
			isa = XCConfigurationList;
			buildConfigurations = (
				6A870B4F2994CA9600134C27 /* Debug */,
				6A870B502994CA9600134C27 /* Release */,
			);
			defaultConfigurationIsVisible = 0;
			defaultConfigurationName = Release;
		};
		6A870B512994CA9600134C27 /* Build configuration list for PBXNativeTarget "JsonProj-1" */ = {
			isa = XCConfigurationList;
			buildConfigurations = (
				6A870B522994CA9600134C27 /* Debug */,
				6A870B532994CA9600134C27 /* Release */,
			);
			defaultConfigurationIsVisible = 0;
			defaultConfigurationName = Release;
		};
		6A870B542994CA9600134C27 /* Build configuration list for PBXNativeTarget "JsonProj-1Tests" */ = {
			isa = XCConfigurationList;
			buildConfigurations = (
				6A870B552994CA9600134C27 /* Debug */,
				6A870B562994CA9600134C27 /* Release */,
			);
			defaultConfigurationIsVisible = 0;
			defaultConfigurationName = Release;
		};
		6A870B572994CA9600134C27 /* Build configuration list for PBXNativeTarget "JsonProj-1UITests" */ = {
			isa = XCConfigurationList;
			buildConfigurations = (
				6A870B582994CA9600134C27 /* Debug */,
				6A870B592994CA9600134C27 /* Release */,
			);
			defaultConfigurationIsVisible = 0;
			defaultConfigurationName = Release;
		};
/* End XCConfigurationList section */

/* Begin XCVersionGroup section */
		6A870B302994CA8B00134C27 /* JsonProj_1.xcdatamodeld */ = {
			isa = XCVersionGroup;
			children = (
				6A870B312994CA8B00134C27 /* JsonProj_1.xcdatamodel */,
			);
			currentVersion = 6A870B312994CA8B00134C27 /* JsonProj_1.xcdatamodel */;
			path = JsonProj_1.xcdatamodeld;
			sourceTree = "<group>";
			versionGroupType = wrapper.xcdatamodel;
		};
/* End XCVersionGroup section */
	};
	rootObject = 6A870B1C2994CA8A00134C27 /* Project object */;
}
